
Microsoft Visual Studio Solution File, Format Version 12.00
# Visual Studio Version 17
VisualStudioVersion = 17.4.33213.308
MinimumVisualStudioVersion = 10.0.40219.1
Project("{FAE04EC0-301F-11D3-BF4B-00C04F79EFBC}") = "CustomerManager", "CustomerManager\CustomerManager.csproj", "{DEE05AB1-DD9F-45DE-A80E-C29CE7949BA0}"
EndProject
Project("{9A19103F-16F7-4668-BE54-9A1E7A4F7556}") = "CodeFirst", "CodeFirst\CodeFirst.csproj", "{00B83F10-C671-4903-87B1-C0595C98ED05}"
EndProject
Project("{FAE04EC0-301F-11D3-BF4B-00C04F79EFBC}") = "CourseManager", "CourseManager\CourseManager.csproj", "{0DD34005-783F-4217-835E-D948544647A0}"
EndProject
Global
	GlobalSection(SolutionConfigurationPlatforms) = preSolution
		Debug|Any CPU = Debug|Any CPU
		Release|Any CPU = Release|Any CPU
	EndGlobalSection
	GlobalSection(ProjectConfigurationPlatforms) = postSolution
		{DEE05AB1-DD9F-45DE-A80E-C29CE7949BA0}.Debug|Any CPU.ActiveCfg = Debug|Any CPU
		{DEE05AB1-DD9F-45DE-A80E-C29CE7949BA0}.Debug|Any CPU.Build.0 = Debug|Any CPU
		{DEE05AB1-DD9F-45DE-A80E-C29CE7949BA0}.Release|Any CPU.ActiveCfg = Release|Any CPU
		{DEE05AB1-DD9F-45DE-A80E-C29CE7949BA0}.Release|Any CPU.Build.0 = Release|Any CPU
		{00B83F10-C671-4903-87B1-C0595C98ED05}.Debug|Any CPU.ActiveCfg = Debug|Any CPU
		{00B83F10-C671-4903-87B1-C0595C98ED05}.Debug|Any CPU.Build.0 = Debug|Any CPU
		{00B83F10-C671-4903-87B1-C0595C98ED05}.Release|Any CPU.ActiveCfg = Release|Any CPU
		{00B83F10-C671-4903-87B1-C0595C98ED05}.Release|Any CPU.Build.0 = Release|Any CPU
		{0DD34005-783F-4217-835E-D948544647A0}.Debug|Any CPU.ActiveCfg = Debug|Any CPU
		{0DD34005-783F-4217-835E-D948544647A0}.Debug|Any CPU.Build.0 = Debug|Any CPU
		{0DD34005-783F-4217-835E-D948544647A0}.Release|Any CPU.ActiveCfg = Release|Any CPU
		{0DD34005-783F-4217-835E-D948544647A0}.Release|Any CPU.Build.0 = Release|Any CPU
	EndGlobalSection
	GlobalSection(SolutionProperties) = preSolution
		HideSolutionNode = FALSE
	EndGlobalSection
	GlobalSection(ExtensibilityGlobals) = postSolution
		SolutionGuid = {0E3C7251-1B4B-4B92-931B-C455CD684C36}
	EndGlobalSection
EndGlobal
